
Microsoft Visual Studio Solution File, Format Version 12.00
# Visual Studio Version 17
VisualStudioVersion = 17.3.32825.248
MinimumVisualStudioVersion = 10.0.40219.1
Project("{FAE04EC0-301F-11D3-BF4B-00C04F79EFBC}") = "Vista", "Vista\Vista.csproj", "{DD6649F1-BFB4-4F23-9A9C-5EC9C1F3D97D}"
EndProject
Project("{FAE04EC0-301F-11D3-BF4B-00C04F79EFBC}") = "Datos", "Datos\Datos.csproj", "{6DF5DD07-04D7-4B37-8A9B-9D10B288E35E}"
EndProject
Project("{FAE04EC0-301F-11D3-BF4B-00C04F79EFBC}") = "Entidades", "Entidades\Entidades.csproj", "{0FF6811C-6616-4F2F-B176-71B6183FCC14}"
EndProject
Global
	GlobalSection(SolutionConfigurationPlatforms) = preSolution
		Debug|Any CPU = Debug|Any CPU
		Release|Any CPU = Release|Any CPU
	EndGlobalSection
	GlobalSection(ProjectConfigurationPlatforms) = postSolution
		{DD6649F1-BFB4-4F23-9A9C-5EC9C1F3D97D}.Debug|Any CPU.ActiveCfg = Debug|Any CPU
		{DD6649F1-BFB4-4F23-9A9C-5EC9C1F3D97D}.Debug|Any CPU.Build.0 = Debug|Any CPU
		{DD6649F1-BFB4-4F23-9A9C-5EC9C1F3D97D}.Release|Any CPU.ActiveCfg = Release|Any CPU
		{DD6649F1-BFB4-4F23-9A9C-5EC9C1F3D97D}.Release|Any CPU.Build.0 = Release|Any CPU
		{6DF5DD07-04D7-4B37-8A9B-9D10B288E35E}.Debug|Any CPU.ActiveCfg = Debug|Any CPU
		{6DF5DD07-04D7-4B37-8A9B-9D10B288E35E}.Debug|Any CPU.Build.0 = Debug|Any CPU
		{6DF5DD07-04D7-4B37-8A9B-9D10B288E35E}.Release|Any CPU.ActiveCfg = Release|Any CPU
		{6DF5DD07-04D7-4B37-8A9B-9D10B288E35E}.Release|Any CPU.Build.0 = Release|Any CPU
		{0FF6811C-6616-4F2F-B176-71B6183FCC14}.Debug|Any CPU.ActiveCfg = Debug|Any CPU
		{0FF6811C-6616-4F2F-B176-71B6183FCC14}.Debug|Any CPU.Build.0 = Debug|Any CPU
		{0FF6811C-6616-4F2F-B176-71B6183FCC14}.Release|Any CPU.ActiveCfg = Release|Any CPU
		{0FF6811C-6616-4F2F-B176-71B6183FCC14}.Release|Any CPU.Build.0 = Release|Any CPU
	EndGlobalSection
	GlobalSection(SolutionProperties) = preSolution
		HideSolutionNode = FALSE
	EndGlobalSection
	GlobalSection(ExtensibilityGlobals) = postSolution
		SolutionGuid = {CAEC302F-7A9B-4436-BF98-52CD4163B1EE}
	EndGlobalSection
EndGlobal
